
Microsoft Visual Studio Solution File, Format Version 12.00
#
Project("{2150E333-8FDC-42A3-9474-1A3956D46DE8}") = "Frontend", "Frontend", "{B713F5E7-2131-49E7-91E8-86273DB0ACD3}"
EndProject
Project("{2150E333-8FDC-42A3-9474-1A3956D46DE8}") = "Gateway", "Gateway", "{B5F263AD-CD22-4936-96B7-F143571DB477}"
EndProject
Project("{2150E333-8FDC-42A3-9474-1A3956D46DE8}") = "Integration", "Integration", "{30B160CE-5F2D-4A9C-9E92-68F7BCF0BC08}"
EndProject
Project("{2150E333-8FDC-42A3-9474-1A3956D46DE8}") = "Services", "Services", "{1E71EFAF-96F3-4A2A-BBB3-22903B8351CA}"
EndProject
Project("{FAE04EC0-301F-11D3-BF4B-00C04F79EFBC}") = "Orange.Services.CouponAPI", "Orange.Services.CouponAPI\Orange.Services.CouponAPI.csproj", "{8A920B37-290E-47DD-A5E6-3737C50E4443}"
EndProject
Project("{FAE04EC0-301F-11D3-BF4B-00C04F79EFBC}") = "Orange.Web", "Orange.Web\Orange.Web.csproj", "{6D953FBE-64F1-4340-B312-531128FF903B}"
EndProject
Project("{FAE04EC0-301F-11D3-BF4B-00C04F79EFBC}") = "Orange.Services.AuthAPI", "Orange.Services.AuthAPI\Orange.Services.AuthAPI.csproj", "{A86D9CBF-16DF-4AFE-B661-2E9FC7908855}"
EndProject
Project("{FAE04EC0-301F-11D3-BF4B-00C04F79EFBC}") = "Orange.Services.ProductAPI", "Orange.Services.ProductAPI\Orange.Services.ProductAPI.csproj", "{15468BAA-E0CF-4610-95A3-67CCEBB49276}"
EndProject
Project("{FAE04EC0-301F-11D3-BF4B-00C04F79EFBC}") = "Orange.Services.ShoppingCartAPI", "Orange.Services.ShoppingCartAPI\Orange.Services.ShoppingCartAPI.csproj", "{1C4B4B6B-C7EA-4994-8B27-76FE3E371C9B}"
EndProject
Project("{FAE04EC0-301F-11D3-BF4B-00C04F79EFBC}") = "Orange.MessageBus", "Orange.MessageBus\Orange.MessageBus.csproj", "{ECF8E17C-D5EA-4B46-A85B-F5A87EC89FDE}"
EndProject
Global
	GlobalSection(SolutionConfigurationPlatforms) = preSolution
		Debug|Any CPU = Debug|Any CPU
		Release|Any CPU = Release|Any CPU
	EndGlobalSection
	GlobalSection(ProjectConfigurationPlatforms) = postSolution
		{8A920B37-290E-47DD-A5E6-3737C50E4443}.Debug|Any CPU.ActiveCfg = Debug|Any CPU
		{8A920B37-290E-47DD-A5E6-3737C50E4443}.Debug|Any CPU.Build.0 = Debug|Any CPU
		{8A920B37-290E-47DD-A5E6-3737C50E4443}.Release|Any CPU.ActiveCfg = Release|Any CPU
		{8A920B37-290E-47DD-A5E6-3737C50E4443}.Release|Any CPU.Build.0 = Release|Any CPU
		{6D953FBE-64F1-4340-B312-531128FF903B}.Debug|Any CPU.ActiveCfg = Debug|Any CPU
		{6D953FBE-64F1-4340-B312-531128FF903B}.Debug|Any CPU.Build.0 = Debug|Any CPU
		{6D953FBE-64F1-4340-B312-531128FF903B}.Release|Any CPU.ActiveCfg = Release|Any CPU
		{6D953FBE-64F1-4340-B312-531128FF903B}.Release|Any CPU.Build.0 = Release|Any CPU
		{A86D9CBF-16DF-4AFE-B661-2E9FC7908855}.Debug|Any CPU.ActiveCfg = Debug|Any CPU
		{A86D9CBF-16DF-4AFE-B661-2E9FC7908855}.Debug|Any CPU.Build.0 = Debug|Any CPU
		{A86D9CBF-16DF-4AFE-B661-2E9FC7908855}.Release|Any CPU.ActiveCfg = Release|Any CPU
		{A86D9CBF-16DF-4AFE-B661-2E9FC7908855}.Release|Any CPU.Build.0 = Release|Any CPU
		{15468BAA-E0CF-4610-95A3-67CCEBB49276}.Debug|Any CPU.ActiveCfg = Debug|Any CPU
		{15468BAA-E0CF-4610-95A3-67CCEBB49276}.Debug|Any CPU.Build.0 = Debug|Any CPU
		{15468BAA-E0CF-4610-95A3-67CCEBB49276}.Release|Any CPU.ActiveCfg = Release|Any CPU
		{15468BAA-E0CF-4610-95A3-67CCEBB49276}.Release|Any CPU.Build.0 = Release|Any CPU
		{1C4B4B6B-C7EA-4994-8B27-76FE3E371C9B}.Debug|Any CPU.ActiveCfg = Debug|Any CPU
		{1C4B4B6B-C7EA-4994-8B27-76FE3E371C9B}.Debug|Any CPU.Build.0 = Debug|Any CPU
		{1C4B4B6B-C7EA-4994-8B27-76FE3E371C9B}.Release|Any CPU.ActiveCfg = Release|Any CPU
		{1C4B4B6B-C7EA-4994-8B27-76FE3E371C9B}.Release|Any CPU.Build.0 = Release|Any CPU
		{ECF8E17C-D5EA-4B46-A85B-F5A87EC89FDE}.Debug|Any CPU.ActiveCfg = Debug|Any CPU
		{ECF8E17C-D5EA-4B46-A85B-F5A87EC89FDE}.Debug|Any CPU.Build.0 = Debug|Any CPU
		{ECF8E17C-D5EA-4B46-A85B-F5A87EC89FDE}.Release|Any CPU.ActiveCfg = Release|Any CPU
		{ECF8E17C-D5EA-4B46-A85B-F5A87EC89FDE}.Release|Any CPU.Build.0 = Release|Any CPU
	EndGlobalSection
	GlobalSection(NestedProjects) = preSolution
		{8A920B37-290E-47DD-A5E6-3737C50E4443} = {1E71EFAF-96F3-4A2A-BBB3-22903B8351CA}
		{6D953FBE-64F1-4340-B312-531128FF903B} = {B713F5E7-2131-49E7-91E8-86273DB0ACD3}
		{A86D9CBF-16DF-4AFE-B661-2E9FC7908855} = {1E71EFAF-96F3-4A2A-BBB3-22903B8351CA}
		{15468BAA-E0CF-4610-95A3-67CCEBB49276} = {1E71EFAF-96F3-4A2A-BBB3-22903B8351CA}
		{1C4B4B6B-C7EA-4994-8B27-76FE3E371C9B} = {1E71EFAF-96F3-4A2A-BBB3-22903B8351CA}
		{ECF8E17C-D5EA-4B46-A85B-F5A87EC89FDE} = {30B160CE-5F2D-4A9C-9E92-68F7BCF0BC08}
	EndGlobalSection
EndGlobal
